{
  "name": "l4k",
  "version": "1.0.0",
  "lockfileVersion": 3,
  "requires": true,
  "packages": {
    "": {
      "name": "l4k",
      "version": "1.0.0",
      "license": "ISC",
      "dependencies": {
        "bootstrap": "^5.2.3",
        "iis": "^0.2.0"
      }
    },
    "node_modules/@popperjs/core": {
      "version": "2.11.6",
      "resolved": "https://registry.npmjs.org/@popperjs/core/-/core-2.11.6.tgz",
      "integrity": "sha512-50/17A98tWUfQ176raKiOGXuYpLyyVMkxxG6oylzL3BPOlA6ADGdK7EYunSa4I064xerltq9TGXs8HmOk5E+vw==",
      "peer": true,
      "funding": {
        "type": "opencollective",
        "url": "https://opencollective.com/popperjs"
      }
    },
    "node_modules/bootstrap": {
      "version": "5.2.3",
      "resolved": "https://registry.npmjs.org/bootstrap/-/bootstrap-5.2.3.tgz",
      "integrity": "sha512-cEKPM+fwb3cT8NzQZYEu4HilJ3anCrWqh3CHAok1p9jXqMPsPTBhU25fBckEJHJ/p+tTxTFTsFQGM+gaHpi3QQ==",
      "funding": [
        {
          "type": "github",
          "url": "https://github.com/sponsors/twbs"
        },
        {
          "type": "opencollective",
          "url": "https://opencollective.com/bootstrap"
        }
      ],
      "peerDependencies": {
        "@popperjs/core": "^2.11.6"
      }
    },
    "node_modules/iis": {
      "version": "0.2.0",
      "resolved": "https://registry.npmjs.org/iis/-/iis-0.2.0.tgz",
      "integrity": "sha512-/x7Q7UAuP/cKBGMwiggbg5HFo4xLONJkomQ9hfu2+Gl3yp3HaKR8C8zunPDtI3d5tz6irsbx0bTfZ7kdETM76w==",
      "dependencies": {
        "underscore": "~1",
        "xml2js": "0.1.14"
      },
      "engines": {
        "node": ">=0.8.0"
      }
    },
    "node_modules/sax": {
      "version": "1.2.4",
      "resolved": "https://registry.npmjs.org/sax/-/sax-1.2.4.tgz",
      "integrity": "sha512-NqVDv9TpANUjFm0N8uM5GxL36UgKi9/atZw+x7YFnQ8ckwFGKrl4xX4yWtrey3UJm5nP1kUbnYgLopqWNSRhWw=="
    },
    "node_modules/underscore": {
      "version": "1.13.6",
      "resolved": "https://registry.npmjs.org/underscore/-/underscore-1.13.6.tgz",
      "integrity": "sha512-+A5Sja4HP1M08MaXya7p5LvjuM7K6q/2EaC0+iovj/wOcMsTzMvDFbasi/oSapiwOlt252IqsKqPjCl7huKS0A=="
    },
    "node_modules/xml2js": {
      "version": "0.1.14",
      "resolved": "https://registry.npmjs.org/xml2js/-/xml2js-0.1.14.tgz",
      "integrity": "sha512-pbdws4PPPNc1HPluSUKamY4GWMk592K7qwcj6BExbVOhhubub8+pMda/ql68b6L3luZs/OGjGSB5goV7SnmgnA==",
      "dependencies": {
        "sax": ">=0.1.1"
      },
      "engines": {
        "node": "*"
      }
    }
  }
}
